
Microsoft Visual Studio Solution File, Format Version 12.00
# Visual Studio 15
VisualStudioVersion = 15.0.27130.2010
MinimumVisualStudioVersion = 10.0.40219.1
Project("{FAE04EC0-301F-11D3-BF4B-00C04F79EFBC}") = "BarcodeGen", "BarcodeGen.csproj", "{1262E4A1-07FA-4D37-BEB5-46944626AF2B}"
EndProject
Project("{FAE04EC0-301F-11D3-BF4B-00C04F79EFBC}") = "Excel.Helpers", "..\Excel.Helpers\Excel.Helpers.csproj", "{98D79ADB-D4D7-4607-90F6-67FA93B2C5E6}"
EndProject
Project("{FAE04EC0-301F-11D3-BF4B-00C04F79EFBC}") = "BarcodeGen.Settings", "BarcodeGen.Settings\BarcodeGen.Settings.csproj", "{C9BDE1A2-C5EE-4EA9-B2A6-C7D52C374303}"
EndProject
Global
	GlobalSection(SolutionConfigurationPlatforms) = preSolution
		Debug|Any CPU = Debug|Any CPU
		Release|Any CPU = Release|Any CPU
	EndGlobalSection
	GlobalSection(ProjectConfigurationPlatforms) = postSolution
		{1262E4A1-07FA-4D37-BEB5-46944626AF2B}.Debug|Any CPU.ActiveCfg = Debug|Any CPU
		{1262E4A1-07FA-4D37-BEB5-46944626AF2B}.Debug|Any CPU.Build.0 = Debug|Any CPU
		{1262E4A1-07FA-4D37-BEB5-46944626AF2B}.Release|Any CPU.ActiveCfg = Release|Any CPU
		{1262E4A1-07FA-4D37-BEB5-46944626AF2B}.Release|Any CPU.Build.0 = Release|Any CPU
		{98D79ADB-D4D7-4607-90F6-67FA93B2C5E6}.Debug|Any CPU.ActiveCfg = Debug|Any CPU
		{98D79ADB-D4D7-4607-90F6-67FA93B2C5E6}.Debug|Any CPU.Build.0 = Debug|Any CPU
		{98D79ADB-D4D7-4607-90F6-67FA93B2C5E6}.Release|Any CPU.ActiveCfg = Release|Any CPU
		{98D79ADB-D4D7-4607-90F6-67FA93B2C5E6}.Release|Any CPU.Build.0 = Release|Any CPU
		{C9BDE1A2-C5EE-4EA9-B2A6-C7D52C374303}.Debug|Any CPU.ActiveCfg = Debug|Any CPU
		{C9BDE1A2-C5EE-4EA9-B2A6-C7D52C374303}.Debug|Any CPU.Build.0 = Debug|Any CPU
		{C9BDE1A2-C5EE-4EA9-B2A6-C7D52C374303}.Release|Any CPU.ActiveCfg = Release|Any CPU
		{C9BDE1A2-C5EE-4EA9-B2A6-C7D52C374303}.Release|Any CPU.Build.0 = Release|Any CPU
	EndGlobalSection
	GlobalSection(SolutionProperties) = preSolution
		HideSolutionNode = FALSE
	EndGlobalSection
EndGlobal
